
Microsoft Visual Studio Solution File, Format Version 12.00
# Visual Studio 15
VisualStudioVersion = 15.0.27703.2035
MinimumVisualStudioVersion = 10.0.40219.1
Project("{8BC9CEB8-8B4A-11D0-8D11-00A0C91BC942}") = "TechDemo", "TechDemo\TechDemo.vcxproj", "{D477208D-965F-4925-B6B6-9572F92DDBA8}"
	ProjectSection(ProjectDependencies) = postProject
		{EADB70E3-3D40-4B9B-92A3-674BD54DDD4A} = {EADB70E3-3D40-4B9B-92A3-674BD54DDD4A}
	EndProjectSection
EndProject
Project("{8BC9CEB8-8B4A-11D0-8D11-00A0C91BC942}") = "GraphicsMathLib", "GraphicsMathLib\GraphicsMathLib.vcxproj", "{EADB70E3-3D40-4B9B-92A3-674BD54DDD4A}"
EndProject
Project("{8BC9CEB8-8B4A-11D0-8D11-00A0C91BC942}") = "GraphicsMathTest", "GraphicsMathTest\GraphicsMathTest.vcxproj", "{C23434E9-603E-47AC-A540-C0619B24013D}"
	ProjectSection(ProjectDependencies) = postProject
		{EADB70E3-3D40-4B9B-92A3-674BD54DDD4A} = {EADB70E3-3D40-4B9B-92A3-674BD54DDD4A}
	EndProjectSection
EndProject
Global
	GlobalSection(SolutionConfigurationPlatforms) = preSolution
		Debug|x64 = Debug|x64
		Debug|x86 = Debug|x86
		Release|x64 = Release|x64
		Release|x86 = Release|x86
	EndGlobalSection
	GlobalSection(ProjectConfigurationPlatforms) = postSolution
		{D477208D-965F-4925-B6B6-9572F92DDBA8}.Debug|x64.ActiveCfg = Debug|x64
		{D477208D-965F-4925-B6B6-9572F92DDBA8}.Debug|x64.Build.0 = Debug|x64
		{D477208D-965F-4925-B6B6-9572F92DDBA8}.Debug|x86.ActiveCfg = Debug|Win32
		{D477208D-965F-4925-B6B6-9572F92DDBA8}.Debug|x86.Build.0 = Debug|Win32
		{D477208D-965F-4925-B6B6-9572F92DDBA8}.Release|x64.ActiveCfg = Release|x64
		{D477208D-965F-4925-B6B6-9572F92DDBA8}.Release|x64.Build.0 = Release|x64
		{D477208D-965F-4925-B6B6-9572F92DDBA8}.Release|x86.ActiveCfg = Release|Win32
		{D477208D-965F-4925-B6B6-9572F92DDBA8}.Release|x86.Build.0 = Release|Win32
		{EADB70E3-3D40-4B9B-92A3-674BD54DDD4A}.Debug|x64.ActiveCfg = Debug|x64
		{EADB70E3-3D40-4B9B-92A3-674BD54DDD4A}.Debug|x64.Build.0 = Debug|x64
		{EADB70E3-3D40-4B9B-92A3-674BD54DDD4A}.Debug|x86.ActiveCfg = Debug|Win32
		{EADB70E3-3D40-4B9B-92A3-674BD54DDD4A}.Debug|x86.Build.0 = Debug|Win32
		{EADB70E3-3D40-4B9B-92A3-674BD54DDD4A}.Release|x64.ActiveCfg = Release|x64
		{EADB70E3-3D40-4B9B-92A3-674BD54DDD4A}.Release|x64.Build.0 = Release|x64
		{EADB70E3-3D40-4B9B-92A3-674BD54DDD4A}.Release|x86.ActiveCfg = Release|Win32
		{EADB70E3-3D40-4B9B-92A3-674BD54DDD4A}.Release|x86.Build.0 = Release|Win32
		{C23434E9-603E-47AC-A540-C0619B24013D}.Debug|x64.ActiveCfg = Debug|x64
		{C23434E9-603E-47AC-A540-C0619B24013D}.Debug|x64.Build.0 = Debug|x64
		{C23434E9-603E-47AC-A540-C0619B24013D}.Debug|x86.ActiveCfg = Debug|Win32
		{C23434E9-603E-47AC-A540-C0619B24013D}.Debug|x86.Build.0 = Debug|Win32
		{C23434E9-603E-47AC-A540-C0619B24013D}.Release|x64.ActiveCfg = Release|x64
		{C23434E9-603E-47AC-A540-C0619B24013D}.Release|x64.Build.0 = Release|x64
		{C23434E9-603E-47AC-A540-C0619B24013D}.Release|x86.ActiveCfg = Release|Win32
		{C23434E9-603E-47AC-A540-C0619B24013D}.Release|x86.Build.0 = Release|Win32
	EndGlobalSection
	GlobalSection(SolutionProperties) = preSolution
		HideSolutionNode = FALSE
	EndGlobalSection
	GlobalSection(ExtensibilityGlobals) = postSolution
		SolutionGuid = {082863D5-649B-44EA-9FFC-6D39E0324FCA}
	EndGlobalSection
EndGlobal
